
Microsoft Visual Studio Solution File, Format Version 12.00
# Visual Studio Version 16
VisualStudioVersion = 16.0.29911.84
MinimumVisualStudioVersion = 10.0.40219.1
Project("{FAE04EC0-301F-11D3-BF4B-00C04F79EFBC}") = "OnCall Staffing", "OnCall Staffing.csproj", "{DACE0664-1A6F-48DF-A0D8-06950CB77FB7}"
EndProject
Global
	GlobalSection(SolutionConfigurationPlatforms) = preSolution
		Debug|Any CPU = Debug|Any CPU
		Release|Any CPU = Release|Any CPU
	EndGlobalSection
	GlobalSection(ProjectConfigurationPlatforms) = postSolution
		{DACE0664-1A6F-48DF-A0D8-06950CB77FB7}.Debug|Any CPU.ActiveCfg = Debug|Any CPU
		{DACE0664-1A6F-48DF-A0D8-06950CB77FB7}.Debug|Any CPU.Build.0 = Debug|Any CPU
		{DACE0664-1A6F-48DF-A0D8-06950CB77FB7}.Release|Any CPU.ActiveCfg = Release|Any CPU
		{DACE0664-1A6F-48DF-A0D8-06950CB77FB7}.Release|Any CPU.Build.0 = Release|Any CPU
	EndGlobalSection
	GlobalSection(SolutionProperties) = preSolution
		HideSolutionNode = FALSE
	EndGlobalSection
	GlobalSection(ExtensibilityGlobals) = postSolution
		SolutionGuid = {EA07C7A8-179B-45A0-9105-2B4FE18559D4}
	EndGlobalSection
EndGlobal
